
Microsoft Visual Studio Solution File, Format Version 12.00
# Visual Studio Version 16
VisualStudioVersion = 16.0.31229.75
MinimumVisualStudioVersion = 10.0.40219.1
Project("{FAE04EC0-301F-11D3-BF4B-00C04F79EFBC}") = "LibraryMind", "LibraryMind\LibraryMind.csproj", "{0146E8AA-A0E9-46A7-8F6D-B820CAAF91F3}"
EndProject
Global
	GlobalSection(SolutionConfigurationPlatforms) = preSolution
		Debug|Any CPU = Debug|Any CPU
		Release|Any CPU = Release|Any CPU
	EndGlobalSection
	GlobalSection(ProjectConfigurationPlatforms) = postSolution
		{0146E8AA-A0E9-46A7-8F6D-B820CAAF91F3}.Debug|Any CPU.ActiveCfg = Debug|Any CPU
		{0146E8AA-A0E9-46A7-8F6D-B820CAAF91F3}.Debug|Any CPU.Build.0 = Debug|Any CPU
		{0146E8AA-A0E9-46A7-8F6D-B820CAAF91F3}.Release|Any CPU.ActiveCfg = Release|Any CPU
		{0146E8AA-A0E9-46A7-8F6D-B820CAAF91F3}.Release|Any CPU.Build.0 = Release|Any CPU
	EndGlobalSection
	GlobalSection(SolutionProperties) = preSolution
		HideSolutionNode = FALSE
	EndGlobalSection
	GlobalSection(ExtensibilityGlobals) = postSolution
		SolutionGuid = {BB74FC44-716E-456E-BE3B-814FC2811DE5}
	EndGlobalSection
EndGlobal
